
Microsoft Visual Studio Solution File, Format Version 12.00
# Visual Studio 15
VisualStudioVersion = 15.0.27703.2035
MinimumVisualStudioVersion = 10.0.40219.1
Project("{FAE04EC0-301F-11D3-BF4B-00C04F79EFBC}") = "Carubbi.ElasticSearch", "Carubbi.ElasticSearch\Carubbi.ElasticSearch.csproj", "{B99ED49C-09C3-4366-91C6-C9B190E091CB}"
EndProject
Global
	GlobalSection(SolutionConfigurationPlatforms) = preSolution
		Debug|Any CPU = Debug|Any CPU
		Release|Any CPU = Release|Any CPU
	EndGlobalSection
	GlobalSection(ProjectConfigurationPlatforms) = postSolution
		{B99ED49C-09C3-4366-91C6-C9B190E091CB}.Debug|Any CPU.ActiveCfg = Debug|Any CPU
		{B99ED49C-09C3-4366-91C6-C9B190E091CB}.Debug|Any CPU.Build.0 = Debug|Any CPU
		{B99ED49C-09C3-4366-91C6-C9B190E091CB}.Release|Any CPU.ActiveCfg = Release|Any CPU
		{B99ED49C-09C3-4366-91C6-C9B190E091CB}.Release|Any CPU.Build.0 = Release|Any CPU
	EndGlobalSection
	GlobalSection(SolutionProperties) = preSolution
		HideSolutionNode = FALSE
	EndGlobalSection
	GlobalSection(ExtensibilityGlobals) = postSolution
		SolutionGuid = {5CF7097E-48C3-4AC8-8DBC-C8B892FB5CB6}
	EndGlobalSection
EndGlobal
